
Microsoft Visual Studio Solution File, Format Version 12.00
# Visual Studio Version 17
VisualStudioVersion = 17.9.34728.123
MinimumVisualStudioVersion = 10.0.40219.1
Project("{FAE04EC0-301F-11D3-BF4B-00C04F79EFBC}") = "DesignPatterns", "DesignPatterns\DesignPatterns.csproj", "{2185E0BE-8C9F-4B03-95E5-09B36392D444}"
EndProject
Global
	GlobalSection(SolutionConfigurationPlatforms) = preSolution
		Debug|Any CPU = Debug|Any CPU
		Release|Any CPU = Release|Any CPU
	EndGlobalSection
	GlobalSection(ProjectConfigurationPlatforms) = postSolution
		{2185E0BE-8C9F-4B03-95E5-09B36392D444}.Debug|Any CPU.ActiveCfg = Debug|Any CPU
		{2185E0BE-8C9F-4B03-95E5-09B36392D444}.Debug|Any CPU.Build.0 = Debug|Any CPU
		{2185E0BE-8C9F-4B03-95E5-09B36392D444}.Release|Any CPU.ActiveCfg = Release|Any CPU
		{2185E0BE-8C9F-4B03-95E5-09B36392D444}.Release|Any CPU.Build.0 = Release|Any CPU
	EndGlobalSection
	GlobalSection(SolutionProperties) = preSolution
		HideSolutionNode = FALSE
	EndGlobalSection
	GlobalSection(ExtensibilityGlobals) = postSolution
		SolutionGuid = {E13900AD-F91D-4469-96FF-B6D779C7E1C6}
	EndGlobalSection
EndGlobal
